
Microsoft Visual Studio Solution File, Format Version 12.00
Project("{FAE04EC0-301F-11D3-BF4B-00C04F79EFBC}") = "Thesis.Assets", "Thesis.Assets\Thesis.Assets.csproj", "{11BA6A88-3C6A-477B-BD09-FCF10D13BCE6}"
EndProject
Global
	GlobalSection(SolutionConfigurationPlatforms) = preSolution
		Debug|Any CPU = Debug|Any CPU
		Release|Any CPU = Release|Any CPU
	EndGlobalSection
	GlobalSection(ProjectConfigurationPlatforms) = postSolution
		{11BA6A88-3C6A-477B-BD09-FCF10D13BCE6}.Debug|Any CPU.ActiveCfg = Debug|Any CPU
		{11BA6A88-3C6A-477B-BD09-FCF10D13BCE6}.Debug|Any CPU.Build.0 = Debug|Any CPU
		{11BA6A88-3C6A-477B-BD09-FCF10D13BCE6}.Release|Any CPU.ActiveCfg = Release|Any CPU
		{11BA6A88-3C6A-477B-BD09-FCF10D13BCE6}.Release|Any CPU.Build.0 = Release|Any CPU
	EndGlobalSection
EndGlobal
